{
  "name": "my-next-app",
  "version": "1.0.0",
  "lockfileVersion": 1,
  "requires": true,
  "dependencies": {
    "@babel/helper-plugin-utils": {
      "version": "7.0.0",
      "resolved": "http://registry.npm.taobao.org/@babel/helper-plugin-utils/download/@babel/helper-plugin-utils-7.0.0.tgz",
      "integrity": "sha1-u7P77phmHFaQNCN8wDlnupm08lA=",
      "dev": true
    },
    "@babel/plugin-syntax-typescript": {
      "version": "7.3.3",
      "resolved": "http://registry.npm.taobao.org/@babel/plugin-syntax-typescript/download/@babel/plugin-syntax-typescript-7.3.3.tgz",
      "integrity": "sha1-p8w/ZhGan36+LeU4PM4ZNHPWWZE=",
      "dev": true,
      "requires": {
        "@babel/helper-plugin-utils": "7.0.0"
      }
    },
    "@babel/plugin-transform-typescript": {
      "version": "7.4.5",
      "resolved": "https://registry.npm.taobao.org/@babel/plugin-transform-typescript/download/@babel/plugin-transform-typescript-7.4.5.tgz",
      "integrity": "sha1-qzNRujUwe3mYGZNTbJP/i+BQuig=",
      "dev": true,
      "requires": {
        "@babel/helper-plugin-utils": "7.0.0",
        "@babel/plugin-syntax-typescript": "7.3.3"
      }
    },
    "@babel/preset-typescript": {
      "version": "7.3.3",
      "resolved": "https://registry.npm.taobao.org/@babel/preset-typescript/download/@babel/preset-typescript-7.3.3.tgz",
      "integrity": "sha1-iGaZEQU/oWsrJ26i7eLKYDs/MHo=",
      "dev": true,
      "requires": {
        "@babel/helper-plugin-utils": "7.0.0",
        "@babel/plugin-transform-typescript": "7.4.5"
      }
    },
    "@next/env": {
      "version": "13.2.3",
      "resolved": "https://registry.npmjs.org/@next/env/-/env-13.2.3.tgz",
      "integrity": "sha512-FN50r/E+b8wuqyRjmGaqvqNDuWBWYWQiigfZ50KnSFH0f+AMQQyaZl+Zm2+CIpKk0fL9QxhLxOpTVA3xFHgFow=="
    },
    "@next/swc-android-arm-eabi": {
      "version": "13.2.3",
      "resolved": "https://registry.npmjs.org/@next/swc-android-arm-eabi/-/swc-android-arm-eabi-13.2.3.tgz",
      "integrity": "sha512-mykdVaAXX/gm+eFO2kPeVjnOCKwanJ9mV2U0lsUGLrEdMUifPUjiXKc6qFAIs08PvmTMOLMNnUxqhGsJlWGKSw==",
      "optional": true
    },
    "@next/swc-android-arm64": {
      "version": "13.2.3",
      "resolved": "https://registry.npmjs.org/@next/swc-android-arm64/-/swc-android-arm64-13.2.3.tgz",
      "integrity": "sha512-8XwHPpA12gdIFtope+n9xCtJZM3U4gH4vVTpUwJ2w1kfxFmCpwQ4xmeGSkR67uOg80yRMuF0h9V1ueo05sws5w==",
      "optional": true
    },
    "@next/swc-darwin-arm64": {
      "version": "13.2.3",
      "resolved": "https://registry.npmjs.org/@next/swc-darwin-arm64/-/swc-darwin-arm64-13.2.3.tgz",
      "integrity": "sha512-TXOubiFdLpMfMtaRu1K5d1I9ipKbW5iS2BNbu8zJhoqrhk3Kp7aRKTxqFfWrbliAHhWVE/3fQZUYZOWSXVQi1w==",
      "optional": true
    },
    "@next/swc-darwin-x64": {
      "version": "13.2.3",
      "resolved": "https://registry.npmjs.org/@next/swc-darwin-x64/-/swc-darwin-x64-13.2.3.tgz",
      "integrity": "sha512-GZctkN6bJbpjlFiS5pylgB2pifHvgkqLAPumJzxnxkf7kqNm6rOGuNjsROvOWVWXmKhrzQkREO/WPS2aWsr/yw==",
      "optional": true
    },
    "@next/swc-freebsd-x64": {
      "version": "13.2.3",
      "resolved": "https://registry.npmjs.org/@next/swc-freebsd-x64/-/swc-freebsd-x64-13.2.3.tgz",
      "integrity": "sha512-rK6GpmMt/mU6MPuav0/M7hJ/3t8HbKPCELw/Uqhi4732xoq2hJ2zbo2FkYs56y6w0KiXrIp4IOwNB9K8L/q62g==",
      "optional": true
    },
    "@next/swc-linux-arm-gnueabihf": {
      "version": "13.2.3",
      "resolved": "https://registry.npmjs.org/@next/swc-linux-arm-gnueabihf/-/swc-linux-arm-gnueabihf-13.2.3.tgz",
      "integrity": "sha512-yeiCp/Odt1UJ4KUE89XkeaaboIDiVFqKP4esvoLKGJ0fcqJXMofj4ad3tuQxAMs3F+qqrz9MclqhAHkex1aPZA==",
      "optional": true
    },
    "@next/swc-linux-arm64-gnu": {
      "version": "13.2.3",
      "resolved": "https://registry.npmjs.org/@next/swc-linux-arm64-gnu/-/swc-linux-arm64-gnu-13.2.3.tgz",
      "integrity": "sha512-/miIopDOUsuNlvjBjTipvoyjjaxgkOuvlz+cIbbPcm1eFvzX2ltSfgMgty15GuOiR8Hub4FeTSiq3g2dmCkzGA==",
      "optional": true
    },
    "@next/swc-linux-arm64-musl": {
      "version": "13.2.3",
      "resolved": "https://registry.npmjs.org/@next/swc-linux-arm64-musl/-/swc-linux-arm64-musl-13.2.3.tgz",
      "integrity": "sha512-sujxFDhMMDjqhruup8LLGV/y+nCPi6nm5DlFoThMJFvaaKr/imhkXuk8uCTq4YJDbtRxnjydFv2y8laBSJVC2g==",
      "optional": true
    },
    "@next/swc-linux-x64-gnu": {
      "version": "13.2.3",
      "resolved": "https://registry.npmjs.org/@next/swc-linux-x64-gnu/-/swc-linux-x64-gnu-13.2.3.tgz",
      "integrity": "sha512-w5MyxPknVvC9LVnMenAYMXMx4KxPwXuJRMQFvY71uXg68n7cvcas85U5zkdrbmuZ+JvsO5SIG8k36/6X3nUhmQ==",
      "optional": true
    },
    "@next/swc-linux-x64-musl": {
      "version": "13.2.3",
      "resolved": "https://registry.npmjs.org/@next/swc-linux-x64-musl/-/swc-linux-x64-musl-13.2.3.tgz",
      "integrity": "sha512-CTeelh8OzSOVqpzMFMFnVRJIFAFQoTsI9RmVJWW/92S4xfECGcOzgsX37CZ8K982WHRzKU7exeh7vYdG/Eh4CA==",
      "optional": true
    },
    "@next/swc-win32-arm64-msvc": {
      "version": "13.2.3",
      "resolved": "https://registry.npmjs.org/@next/swc-win32-arm64-msvc/-/swc-win32-arm64-msvc-13.2.3.tgz",
      "integrity": "sha512-7N1KBQP5mo4xf52cFCHgMjzbc9jizIlkTepe9tMa2WFvEIlKDfdt38QYcr9mbtny17yuaIw02FXOVEytGzqdOQ==",
      "optional": true
    },
    "@next/swc-win32-ia32-msvc": {
      "version": "13.2.3",
      "resolved": "https://registry.npmjs.org/@next/swc-win32-ia32-msvc/-/swc-win32-ia32-msvc-13.2.3.tgz",
      "integrity": "sha512-LzWD5pTSipUXTEMRjtxES/NBYktuZdo7xExJqGDMnZU8WOI+v9mQzsmQgZS/q02eIv78JOCSemqVVKZBGCgUvA==",
      "optional": true
    },
    "@next/swc-win32-x64-msvc": {
      "version": "13.2.3",
      "resolved": "https://registry.npmjs.org/@next/swc-win32-x64-msvc/-/swc-win32-x64-msvc-13.2.3.tgz",
      "integrity": "sha512-aLG2MaFs4y7IwaMTosz2r4mVbqRyCnMoFqOcmfTi7/mAS+G4IMH0vJp4oLdbshqiVoiVuKrAfqtXj55/m7Qu1Q==",
      "optional": true
    },
    "@swc/helpers": {
      "version": "0.4.14",
      "resolved": "https://registry.npmjs.org/@swc/helpers/-/helpers-0.4.14.tgz",
      "integrity": "sha512-4C7nX/dvpzB7za4Ql9K81xK3HPxCpHMgwTZVyf+9JQ6VUbn9jjZVN7/Nkdz/Ugzs2CSjqnL/UPXroiVBVHUWUw==",
      "requires": {
        "tslib": "^2.4.0"
      }
    },
    "@types/anymatch": {
      "version": "1.3.1",
      "resolved": "https://registry.npm.taobao.org/@types/anymatch/download/@types/anymatch-1.3.1.tgz",
      "integrity": "sha1-M2utwb7sudrMOL6izzKt9ieoQho=",
      "dev": true
    },
    "@types/next": {
      "version": "8.0.5",
      "resolved": "https://registry.npm.taobao.org/@types/next/download/@types/next-8.0.5.tgz",
      "integrity": "sha1-ZnVR9Yf3kFOIvYmmli2T6TD2wxQ=",
      "dev": true,
      "requires": {
        "@types/next-server": "8.1.1",
        "@types/node": "12.0.8",
        "@types/node-fetch": "2.3.7",
        "@types/react": "16.8.20"
      }
    },
    "@types/next-server": {
      "version": "8.1.1",
      "resolved": "https://registry.npm.taobao.org/@types/next-server/download/@types/next-server-8.1.1.tgz",
      "integrity": "sha1-FXDVB5z36C539IgmAkxuJ5fN3ac=",
      "dev": true,
      "requires": {
        "@types/next": "8.0.5",
        "@types/node": "12.0.8",
        "@types/react": "16.8.20",
        "@types/react-loadable": "5.5.1"
      }
    },
    "@types/node": {
      "version": "12.0.8",
      "resolved": "https://registry.npm.taobao.org/@types/node/download/@types/node-12.0.8.tgz",
      "integrity": "sha1-VRRmvhGyrcPz1HFWdY9hC9n2sdg=",
      "dev": true
    },
    "@types/node-fetch": {
      "version": "2.3.7",
      "resolved": "https://registry.npm.taobao.org/@types/node-fetch/download/@types/node-fetch-2.3.7.tgz?cache=0&sync_timestamp=1560666530996&other_urls=https%3A%2F%2Fregistry.npm.taobao.org%2F%40types%2Fnode-fetch%2Fdownload%2F%40types%2Fnode-fetch-2.3.7.tgz",
      "integrity": "sha1-tyEuiVEA+GQtvatphHK6tfPB0vE=",
      "dev": true,
      "requires": {
        "@types/node": "12.0.8"
      }
    },
    "@types/prop-types": {
      "version": "15.7.1",
      "resolved": "http://registry.npm.taobao.org/@types/prop-types/download/@types/prop-types-15.7.1.tgz",
      "integrity": "sha1-8aEee6uww8rWgQC+OB0eBkxo8fY=",
      "dev": true
    },
    "@types/react": {
      "version": "16.8.20",
      "resolved": "https://registry.npm.taobao.org/@types/react/download/@types/react-16.8.20.tgz",
      "integrity": "sha1-T2M+y9Ck1W0MzFD/9vkyG7zX1YM=",
      "dev": true,
      "requires": {
        "@types/prop-types": "15.7.1",
        "csstype": "2.6.5"
      }
    },
    "@types/react-dom": {
      "version": "16.8.4",
      "resolved": "https://registry.npm.taobao.org/@types/react-dom/download/@types/react-dom-16.8.4.tgz",
      "integrity": "sha1-f7e6NohXx6oPTkURxHEMosWhKog=",
      "dev": true,
      "requires": {
        "@types/react": "16.8.20"
      }
    },
    "@types/react-loadable": {
      "version": "5.5.1",
      "resolved": "https://registry.npm.taobao.org/@types/react-loadable/download/@types/react-loadable-5.5.1.tgz",
      "integrity": "sha1-8EomLxbp8IgJjdrRqlBoKtCYSqc=",
      "dev": true,
      "requires": {
        "@types/react": "16.8.20",
        "@types/webpack": "4.4.32"
      }
    },
    "@types/tapable": {
      "version": "1.0.4",
      "resolved": "https://registry.npm.taobao.org/@types/tapable/download/@types/tapable-1.0.4.tgz",
      "integrity": "sha1-tP/H3Je0mMlps2CkHu4kf4JhY3A=",
      "dev": true
    },
    "@types/uglify-js": {
      "version": "3.0.4",
      "resolved": "https://registry.npm.taobao.org/@types/uglify-js/download/@types/uglify-js-3.0.4.tgz",
      "integrity": "sha1-lr6uI99vVhhiqDC0KIpJ6GuqwII=",
      "dev": true,
      "requires": {
        "source-map": "0.6.1"
      }
    },
    "@types/webpack": {
      "version": "4.4.32",
      "resolved": "https://registry.npm.taobao.org/@types/webpack/download/@types/webpack-4.4.32.tgz",
      "integrity": "sha1-LUYM0zoV5WjpPzjeXmKM+EY5bFE=",
      "dev": true,
      "requires": {
        "@types/anymatch": "1.3.1",
        "@types/node": "12.0.8",
        "@types/tapable": "1.0.4",
        "@types/uglify-js": "3.0.4",
        "source-map": "0.6.1"
      }
    },
    "@zeit/next-typescript": {
      "version": "1.1.1",
      "resolved": "https://registry.npm.taobao.org/@zeit/next-typescript/download/@zeit/next-typescript-1.1.1.tgz",
      "integrity": "sha1-Cw3fuxPKBM3lKsJxhHPxucQLoO4=",
      "dev": true,
      "requires": {
        "@babel/preset-typescript": "7.3.3"
      }
    },
    "caniuse-lite": {
      "version": "1.0.30001458",
      "resolved": "https://registry.npmjs.org/caniuse-lite/-/caniuse-lite-1.0.30001458.tgz",
      "integrity": "sha512-lQ1VlUUq5q9ro9X+5gOEyH7i3vm+AYVT1WDCVB69XOZ17KZRhnZ9J0Sqz7wTHQaLBJccNCHq8/Ww5LlOIZbB0w=="
    },
    "client-only": {
      "version": "0.0.1",
      "resolved": "https://registry.npmjs.org/client-only/-/client-only-0.0.1.tgz",
      "integrity": "sha512-IV3Ou0jSMzZrd3pZ48nLkT9DA7Ag1pnPzaiQhpW7c3RbcqqzvzzVu+L8gfqMp/8IM2MQtSiqaCxrrcfu8I8rMA=="
    },
    "csstype": {
      "version": "2.6.5",
      "resolved": "https://registry.npm.taobao.org/csstype/download/csstype-2.6.5.tgz",
      "integrity": "sha1-HNHf90Lr9NfJkUcK5x4Su2dR4DQ=",
      "dev": true
    },
    "js-tokens": {
      "version": "4.0.0",
      "resolved": "https://registry.npm.taobao.org/js-tokens/download/js-tokens-4.0.0.tgz",
      "integrity": "sha1-GSA/tZmR35jjoocFDUZHzerzJJk="
    },
    "loose-envify": {
      "version": "1.4.0",
      "resolved": "http://registry.npm.taobao.org/loose-envify/download/loose-envify-1.4.0.tgz",
      "integrity": "sha1-ce5R+nvkyuwaY4OffmgtgTLTDK8=",
      "requires": {
        "js-tokens": "4.0.0"
      }
    },
    "nanoid": {
      "version": "3.3.4",
      "resolved": "https://registry.npmjs.org/nanoid/-/nanoid-3.3.4.tgz",
      "integrity": "sha512-MqBkQh/OHTS2egovRtLk45wEyNXwF+cokD+1YPf9u5VfJiRdAiRwB2froX5Co9Rh20xs4siNPm8naNotSD6RBw=="
    },
    "next": {
      "version": "13.2.3",
      "resolved": "https://registry.npmjs.org/next/-/next-13.2.3.tgz",
      "integrity": "sha512-nKFJC6upCPN7DWRx4+0S/1PIOT7vNlCT157w9AzbXEgKy6zkiPKEt5YyRUsRZkmpEqBVrGgOqNfwecTociyg+w==",
      "requires": {
        "@next/env": "13.2.3",
        "@next/swc-android-arm-eabi": "13.2.3",
        "@next/swc-android-arm64": "13.2.3",
        "@next/swc-darwin-arm64": "13.2.3",
        "@next/swc-darwin-x64": "13.2.3",
        "@next/swc-freebsd-x64": "13.2.3",
        "@next/swc-linux-arm-gnueabihf": "13.2.3",
        "@next/swc-linux-arm64-gnu": "13.2.3",
        "@next/swc-linux-arm64-musl": "13.2.3",
        "@next/swc-linux-x64-gnu": "13.2.3",
        "@next/swc-linux-x64-musl": "13.2.3",
        "@next/swc-win32-arm64-msvc": "13.2.3",
        "@next/swc-win32-ia32-msvc": "13.2.3",
        "@next/swc-win32-x64-msvc": "13.2.3",
        "@swc/helpers": "0.4.14",
        "caniuse-lite": "^1.0.30001406",
        "postcss": "8.4.14",
        "styled-jsx": "5.1.1"
      }
    },
    "object-assign": {
      "version": "4.1.1",
      "resolved": "http://registry.npm.taobao.org/object-assign/download/object-assign-4.1.1.tgz?cache=0&other_urls=http%3A%2F%2Fregistry.npm.taobao.org%2Fobject-assign%2Fdownload%2Fobject-assign-4.1.1.tgz",
      "integrity": "sha1-IQmtx5ZYh8/AXLvUQsrIv7s2CGM="
    },
    "picocolors": {
      "version": "1.0.0",
      "resolved": "https://registry.npmjs.org/picocolors/-/picocolors-1.0.0.tgz",
      "integrity": "sha512-1fygroTLlHu66zi26VoTDv8yRgm0Fccecssto+MhsZ0D/DGW2sm8E8AjW7NU5VVTRt5GxbeZ5qBuJr+HyLYkjQ=="
    },
    "postcss": {
      "version": "8.4.14",
      "resolved": "https://registry.npmjs.org/postcss/-/postcss-8.4.14.tgz",
      "integrity": "sha512-E398TUmfAYFPBSdzgeieK2Y1+1cpdxJx8yXbK/m57nRhKSmk1GB2tO4lbLBtlkfPQTDKfe4Xqv1ASWPpayPEig==",
      "requires": {
        "nanoid": "^3.3.4",
        "picocolors": "^1.0.0",
        "source-map-js": "^1.0.2"
      }
    },
    "prop-types": {
      "version": "15.6.2",
      "resolved": "http://registry.npm.taobao.org/prop-types/download/prop-types-15.6.2.tgz",
      "integrity": "sha1-BdXKd7RFPphdYPx/+MhZCUpJcQI=",
      "requires": {
        "loose-envify": "1.4.0",
        "object-assign": "4.1.1"
      }
    },
    "react": {
      "version": "16.8.6",
      "resolved": "https://registry.npm.taobao.org/react/download/react-16.8.6.tgz?cache=0&other_urls=https%3A%2F%2Fregistry.npm.taobao.org%2Freact%2Fdownload%2Freact-16.8.6.tgz",
      "integrity": "sha1-rWw6lhT9Ok6e9REX9U2IjaAfK74=",
      "requires": {
        "loose-envify": "1.4.0",
        "object-assign": "4.1.1",
        "prop-types": "15.6.2",
        "scheduler": "0.13.6"
      }
    },
    "react-dom": {
      "version": "16.8.6",
      "resolved": "https://registry.npm.taobao.org/react-dom/download/react-dom-16.8.6.tgz",
      "integrity": "sha1-cdYwP2MeiwCX9WFl72CPBR/24Q8=",
      "requires": {
        "loose-envify": "1.4.0",
        "object-assign": "4.1.1",
        "prop-types": "15.6.2",
        "scheduler": "0.13.6"
      }
    },
    "scheduler": {
      "version": "0.13.6",
      "resolved": "https://registry.npm.taobao.org/scheduler/download/scheduler-0.13.6.tgz?cache=0&sync_timestamp=1559596534856&other_urls=https%3A%2F%2Fregistry.npm.taobao.org%2Fscheduler%2Fdownload%2Fscheduler-0.13.6.tgz",
      "integrity": "sha1-RmpOwzJGezGpG5v3TlNHBy5M2Ik=",
      "requires": {
        "loose-envify": "1.4.0",
        "object-assign": "4.1.1"
      }
    },
    "source-map": {
      "version": "0.6.1",
      "resolved": "http://registry.npm.taobao.org/source-map/download/source-map-0.6.1.tgz?cache=0&other_urls=http%3A%2F%2Fregistry.npm.taobao.org%2Fsource-map%2Fdownload%2Fsource-map-0.6.1.tgz",
      "integrity": "sha1-dHIq8y6WFOnCh6jQu95IteLxomM=",
      "dev": true
    },
    "source-map-js": {
      "version": "1.0.2",
      "resolved": "https://registry.npmjs.org/source-map-js/-/source-map-js-1.0.2.tgz",
      "integrity": "sha512-R0XvVJ9WusLiqTCEiGCmICCMplcCkIwwR11mOSD9CR5u+IXYdiseeEuXCVAjS54zqwkLcPNnmU4OeJ6tUrWhDw=="
    },
    "styled-jsx": {
      "version": "5.1.1",
      "resolved": "https://registry.npmjs.org/styled-jsx/-/styled-jsx-5.1.1.tgz",
      "integrity": "sha512-pW7uC1l4mBZ8ugbiZrcIsiIvVx1UmTfw7UkC3Um2tmfUq9Bhk8IiyEIPl6F8agHgjzku6j0xQEZbfA5uSgSaCw==",
      "requires": {
        "client-only": "0.0.1"
      }
    },
    "tslib": {
      "version": "2.5.0",
      "resolved": "https://registry.npmjs.org/tslib/-/tslib-2.5.0.tgz",
      "integrity": "sha512-336iVw3rtn2BUK7ORdIAHTyxHGRIHVReokCR3XjbckJMK7ms8FysBfhLR8IXnAgy7T0PTPNBWKiH514FOW/WSg=="
    }
  }
}
